PODS:
  - ReactiveCocoa (2.3.1):
    - ReactiveCocoa/UI (= 2.3.1)
  - ReactiveCocoa/Core (2.3.1):
    - ReactiveCocoa/no-arc
  - ReactiveCocoa/no-arc (2.3.1)
  - ReactiveCocoa/UI (2.3.1):
    - ReactiveCocoa/Core
  - "UIColor+Hex (1.0.1)":
    - "UIColor+Hex/NSColor (= 1.0.1)"
    - "UIColor+Hex/UIColor (= 1.0.1)"
  - "UIColor+Hex/UIColor (1.0.1)"
  - "UIView+Positioning (1.0.1)"
  - "UIView+Shimmer (1.0.0)"

DEPENDENCIES:
  - ReactiveCocoa (~> 2.3)
  - "UIColor+Hex (~> 1.0)"
  - "UIView+Positioning (~> 1.0)"
  - "UIView+Shimmer (~> 1.0)"

SPEC REPOS:
  trunk:
    - ReactiveCocoa
    - "UIColor+Hex"
    - "UIView+Positioning"
    - "UIView+Shimmer"

SPEC CHECKSUMS:
  ReactiveCocoa: 3fe9b233ca6db810e86681b5749488564c1179a1
  "UIColor+Hex": 9fee91bb8e19f17dd40a79ae1e98949a6a84489d
  "UIView+Positioning": e3bf0946adc9d174b9bac668d4a39ecd850c813f
  "UIView+Shimmer": ed634f95e8f4bda666b28b47bd85a4336a4117d8

PODFILE CHECKSUM: cbd212a5c860be95be96ea7183ce653e8dce81d9

COCOAPODS: 1.16.2
