// !$*UTF8*$!
{
	archiveVersion = 1;
	classes = {
	};
	objectVersion = 46;
	objects = {

/* Begin PBXBuildFile section */
		32B4D83719CCD6A1009B69BE /* main.m in Sources */ = {isa = PBXBuildFile; fileRef = 32B4D83619CCD6A1009B69BE /* main.m */; };
		32B4D83A19CCD6A1009B69BE /* AppDelegate.m in Sources */ = {isa = PBXBuildFile; fileRef = 32B4D83919CCD6A1009B69BE /* AppDelegate.m */; };
		32B4D83D19CCD6A1009B69BE /* ViewController.m in Sources */ = {isa = PBXBuildFile; fileRef = 32B4D83C19CCD6A1009B69BE /* ViewController.m */; };
		32B4D84019CCD6A1009B69BE /* Main.storyboard in Resources */ = {isa = PBXBuildFile; fileRef = 32B4D83E19CCD6A1009B69BE /* Main.storyboard */; };
		32B4D84219CCD6A1009B69BE /* Images.xcassets in Resources */ = {isa = PBXBuildFile; fileRef = 32B4D84119CCD6A1009B69BE /* Images.xcassets */; };
		32B4D84519CCD6A1009B69BE /* LaunchScreen.xib in Resources */ = {isa = PBXBuildFile; fileRef = 32B4D84319CCD6A1009B69BE /* LaunchScreen.xib */; };
		32B4D85119CCD6A1009B69BE /* HowHighTests.m in Sources */ = {isa = PBXBuildFile; fileRef = 32B4D85019CCD6A1009B69BE /* HowHighTests.m */; };
/* End PBXBuildFile section */

/* Begin PBXContainerItemProxy section */
		32B4D84B19CCD6A1009B69BE /* PBXContainerItemProxy */ = {
			isa = PBXContainerItemProxy;
			containerPortal = 32B4D82919CCD6A1009B69BE /* Project object */;
			proxyType = 1;
			remoteGlobalIDString = 32B4D83019CCD6A1009B69BE;
			remoteInfo = HowHigh;
		};
/* End PBXContainerItemProxy section */

/* Begin PBXFileReference section */
		32B4D83119CCD6A1009B69BE /* HowHigh.app */ = {isa = PBXFileReference; explicitFileType = wrapper.application; includeInIndex = 0; path = HowHigh.app; sourceTree = BUILT_PRODUCTS_DIR; };
		32B4D83519CCD6A1009B69BE /* Info.plist */ = {isa = PBXFileReference; lastKnownFileType = text.plist.xml; path = Info.plist; sourceTree = "<group>"; };
		32B4D83619CCD6A1009B69BE /* main.m */ = {isa = PBXFileReference; lastKnownFileType = sourcecode.c.objc; path = main.m; sourceTree = "<group>"; };
		32B4D83819CCD6A1009B69BE /* AppDelegate.h */ = {isa = PBXFileReference; lastKnownFileType = sourcecode.c.h; path = AppDelegate.h; sourceTree = "<group>"; };
		32B4D83919CCD6A1009B69BE /* AppDelegate.m */ = {isa = PBXFileReference; lastKnownFileType = sourcecode.c.objc; path = AppDelegate.m; sourceTree = "<group>"; };
		32B4D83B19CCD6A1009B69BE /* ViewController.h */ = {isa = PBXFileReference; lastKnownFileType = sourcecode.c.h; path = ViewController.h; sourceTree = "<group>"; };
		32B4D83C19CCD6A1009B69BE /* ViewController.m */ = {isa = PBXFileReference; lastKnownFileType = sourcecode.c.objc; path = ViewController.m; sourceTree = "<group>"; };
		32B4D83F19CCD6A1009B69BE /* Base */ = {isa = PBXFileReference; lastKnownFileType = file.storyboard; name = Base; path = Base.lproj/Main.storyboard; sourceTree = "<group>"; };
		32B4D84119CCD6A1009B69BE /* Images.xcassets */ = {isa = PBXFileReference; lastKnownFileType = folder.assetcatalog; path = Images.xcassets; sourceTree = "<group>"; };
		32B4D84419CCD6A1009B69BE /* Base */ = {isa = PBXFileReference; lastKnownFileType = file.xib; name = Base; path = Base.lproj/LaunchScreen.xib; sourceTree = "<group>"; };
		32B4D84A19CCD6A1009B69BE /* HowHighTests.xctest */ = {isa = PBXFileReference; explicitFileType = wrapper.cfbundle; includeInIndex = 0; path = HowHighTests.xctest; sourceTree = BUILT_PRODUCTS_DIR; };
		32B4D84F19CCD6A1009B69BE /* Info.plist */ = {isa = PBXFileReference; lastKnownFileType = text.plist.xml; path = Info.plist; sourceTree = "<group>"; };
		32B4D85019CCD6A1009B69BE /* HowHighTests.m */ = {isa = PBXFileReference; lastKnownFileType = sourcecode.c.objc; path = HowHighTests.m; sourceTree = "<group>"; };
/* End PBXFileReference section */

/* Begin PBXFrameworksBuildPhase section */
		32B4D82E19CCD6A1009B69BE /* Frameworks */ = {
			isa = PBXFrameworksBuildPhase;
			buildActionMask = 2147483647;
			files = (
			);
			runOnlyForDeploymentPostprocessing = 0;
		};
		32B4D84719CCD6A1009B69BE /* Frameworks */ = {
			isa = PBXFrameworksBuildPhase;
			buildActionMask = 2147483647;
			files = (
			);
			runOnlyForDeploymentPostprocessing = 0;
		};
/* End PBXFrameworksBuildPhase section */

/* Begin PBXGroup section */
		32B4D82819CCD6A1009B69BE = {
			isa = PBXGroup;
			children = (
				32B4D83319CCD6A1009B69BE /* HowHigh */,
				32B4D84D19CCD6A1009B69BE /* HowHighTests */,
				32B4D83219CCD6A1009B69BE /* Products */,
			);
			sourceTree = "<group>";
		};
		32B4D83219CCD6A1009B69BE /* Products */ = {
			isa = PBXGroup;
			children = (
				32B4D83119CCD6A1009B69BE /* HowHigh.app */,
				32B4D84A19CCD6A1009B69BE /* HowHighTests.xctest */,
			);
			name = Products;
			sourceTree = "<group>";
		};
		32B4D83319CCD6A1009B69BE /* HowHigh */ = {
			isa = PBXGroup;
			children = (
				32B4D83819CCD6A1009B69BE /* AppDelegate.h */,
				32B4D83919CCD6A1009B69BE /* AppDelegate.m */,
				32B4D83B19CCD6A1009B69BE /* ViewController.h */,
				32B4D83C19CCD6A1009B69BE /* ViewController.m */,
				32B4D83E19CCD6A1009B69BE /* Main.storyboard */,
				32B4D84119CCD6A1009B69BE /* Images.xcassets */,
				32B4D84319CCD6A1009B69BE /* LaunchScreen.xib */,
				32B4D83419CCD6A1009B69BE /* Supporting Files */,
			);
			path = HowHigh;
			sourceTree = "<group>";
		};
		32B4D83419CCD6A1009B69BE /* Supporting Files */ = {
			isa = PBXGroup;
			children = (
				32B4D83519CCD6A1009B69BE /* Info.plist */,
				32B4D83619CCD6A1009B69BE /* main.m */,
			);
			name = "Supporting Files";
			sourceTree = "<group>";
		};
		32B4D84D19CCD6A1009B69BE /* HowHighTests */ = {
			isa = PBXGroup;
			children = (
				32B4D85019CCD6A1009B69BE /* HowHighTests.m */,
				32B4D84E19CCD6A1009B69BE /* Supporting Files */,
			);
			path = HowHighTests;
			sourceTree = "<group>";
		};
		32B4D84E19CCD6A1009B69BE /* Supporting Files */ = {
			isa = PBXGroup;
			children = (
				32B4D84F19CCD6A1009B69BE /* Info.plist */,
			);
			name = "Supporting Files";
			sourceTree = "<group>";
		};
/* End PBXGroup section */

/* Begin PBXNativeTarget section */
		32B4D83019CCD6A1009B69BE /* HowHigh */ = {
			isa = PBXNativeTarget;
			buildConfigurationList = 32B4D85419CCD6A1009B69BE /* Build configuration list for PBXNativeTarget "HowHigh" */;
			buildPhases = (
				32B4D82D19CCD6A1009B69BE /* Sources */,
				32B4D82E19CCD6A1009B69BE /* Frameworks */,
				32B4D82F19CCD6A1009B69BE /* Resources */,
			);
			buildRules = (
			);
			dependencies = (
			);
			name = HowHigh;
			productName = HowHigh;
			productReference = 32B4D83119CCD6A1009B69BE /* HowHigh.app */;
			productType = "com.apple.product-type.application";
		};
		32B4D84919CCD6A1009B69BE /* HowHighTests */ = {
			isa = PBXNativeTarget;
			buildConfigurationList = 32B4D85719CCD6A1009B69BE /* Build configuration list for PBXNativeTarget "HowHighTests" */;
			buildPhases = (
				32B4D84619CCD6A1009B69BE /* Sources */,
				32B4D84719CCD6A1009B69BE /* Frameworks */,
				32B4D84819CCD6A1009B69BE /* Resources */,
			);
			buildRules = (
			);
			dependencies = (
				32B4D84C19CCD6A1009B69BE /* PBXTargetDependency */,
			);
			name = HowHighTests;
			productName = HowHighTests;
			productReference = 32B4D84A19CCD6A1009B69BE /* HowHighTests.xctest */;
			productType = "com.apple.product-type.bundle.unit-test";
		};
/* End PBXNativeTarget section */

/* Begin PBXProject section */
		32B4D82919CCD6A1009B69BE /* Project object */ = {
			isa = PBXProject;
			attributes = {
				LastUpgradeCheck = 0600;
				ORGANIZATIONNAME = "Lucky Bunny LLC";
				TargetAttributes = {
					32B4D83019CCD6A1009B69BE = {
						CreatedOnToolsVersion = 6.0;
					};
					32B4D84919CCD6A1009B69BE = {
						CreatedOnToolsVersion = 6.0;
						TestTargetID = 32B4D83019CCD6A1009B69BE;
					};
				};
			};
			buildConfigurationList = 32B4D82C19CCD6A1009B69BE /* Build configuration list for PBXProject "HowHigh" */;
			compatibilityVersion = "Xcode 3.2";
			developmentRegion = English;
			hasScannedForEncodings = 0;
			knownRegions = (
				en,
				Base,
			);
			mainGroup = 32B4D82819CCD6A1009B69BE;
			productRefGroup = 32B4D83219CCD6A1009B69BE /* Products */;
			projectDirPath = "";
			projectRoot = "";
			targets = (
				32B4D83019CCD6A1009B69BE /* HowHigh */,
				32B4D84919CCD6A1009B69BE /* HowHighTests */,
			);
		};
/* End PBXProject section */

/* Begin PBXResourcesBuildPhase section */
		32B4D82F19CCD6A1009B69BE /* Resources */ = {
			isa = PBXResourcesBuildPhase;
			buildActionMask = 2147483647;
			files = (
				32B4D84019CCD6A1009B69BE /* Main.storyboard in Resources */,
				32B4D84519CCD6A1009B69BE /* LaunchScreen.xib in Resources */,
				32B4D84219CCD6A1009B69BE /* Images.xcassets in Resources */,
			);
			runOnlyForDeploymentPostprocessing = 0;
		};
		32B4D84819CCD6A1009B69BE /* Resources */ = {
			isa = PBXResourcesBuildPhase;
			buildActionMask = 2147483647;
			files = (
			);
			runOnlyForDeploymentPostprocessing = 0;
		};
/* End PBXResourcesBuildPhase section */

/* Begin PBXSourcesBuildPhase section */
		32B4D82D19CCD6A1009B69BE /* Sources */ = {
			isa = PBXSourcesBuildPhase;
			buildActionMask = 2147483647;
			files = (
				32B4D83D19CCD6A1009B69BE /* ViewController.m in Sources */,
				32B4D83A19CCD6A1009B69BE /* AppDelegate.m in Sources */,
				32B4D83719CCD6A1009B69BE /* main.m in Sources */,
			);
			runOnlyForDeploymentPostprocessing = 0;
		};
		32B4D84619CCD6A1009B69BE /* Sources */ = {
			isa = PBXSourcesBuildPhase;
			buildActionMask = 2147483647;
			files = (
				32B4D85119CCD6A1009B69BE /* HowHighTests.m in Sources */,
			);
			runOnlyForDeploymentPostprocessing = 0;
		};
/* End PBXSourcesBuildPhase section */

/* Begin PBXTargetDependency section */
		32B4D84C19CCD6A1009B69BE /* PBXTargetDependency */ = {
			isa = PBXTargetDependency;
			target = 32B4D83019CCD6A1009B69BE /* HowHigh */;
			targetProxy = 32B4D84B19CCD6A1009B69BE /* PBXContainerItemProxy */;
		};
/* End PBXTargetDependency section */

/* Begin PBXVariantGroup section */
		32B4D83E19CCD6A1009B69BE /* Main.storyboard */ = {
			isa = PBXVariantGroup;
			children = (
				32B4D83F19CCD6A1009B69BE /* Base */,
			);
			name = Main.storyboard;
			sourceTree = "<group>";
		};
		32B4D84319CCD6A1009B69BE /* LaunchScreen.xib */ = {
			isa = PBXVariantGroup;
			children = (
				32B4D84419CCD6A1009B69BE /* Base */,
			);
			name = LaunchScreen.xib;
			sourceTree = "<group>";
		};
/* End PBXVariantGroup section */

/* Begin XCBuildConfiguration section */
		32B4D85219CCD6A1009B69BE /* Debug */ = {
			isa = XCBuildConfiguration;
			buildSettings = {
				ALWAYS_SEARCH_USER_PATHS = NO;
				CLANG_CXX_LANGUAGE_STANDARD = "gnu++0x";
				CLANG_CXX_LIBRARY = "libc++";
				CLANG_ENABLE_MODULES = YES;
				CLANG_ENABLE_OBJC_ARC = YES;
				CLANG_WARN_BOOL_CONVERSION = YES;
				CLANG_WARN_CONSTANT_CONVERSION = YES;
				CLANG_WARN_DIRECT_OBJC_ISA_USAGE = YES_ERROR;
				CLANG_WARN_EMPTY_BODY = YES;
				CLANG_WARN_ENUM_CONVERSION = YES;
				CLANG_WARN_INT_CONVERSION = YES;
				CLANG_WARN_OBJC_ROOT_CLASS = YES_ERROR;
				CLANG_WARN_UNREACHABLE_CODE = YES;
				CLANG_WARN__DUPLICATE_METHOD_MATCH = YES;
				"CODE_SIGN_IDENTITY[sdk=iphoneos*]" = "iPhone Developer";
				COPY_PHASE_STRIP = NO;
				ENABLE_STRICT_OBJC_MSGSEND = YES;
				GCC_C_LANGUAGE_STANDARD = gnu99;
				GCC_DYNAMIC_NO_PIC = NO;
				GCC_OPTIMIZATION_LEVEL = 0;
				GCC_PREPROCESSOR_DEFINITIONS = (
					"DEBUG=1",
					"$(inherited)",
				);
				GCC_SYMBOLS_PRIVATE_EXTERN = NO;
				GCC_WARN_64_TO_32_BIT_CONVERSION = YES;
				GCC_WARN_ABOUT_RETURN_TYPE = YES_ERROR;
				GCC_WARN_UNDECLARED_SELECTOR = YES;
				GCC_WARN_UNINITIALIZED_AUTOS = YES_AGGRESSIVE;
				GCC_WARN_UNUSED_FUNCTION = YES;
				GCC_WARN_UNUSED_VARIABLE = YES;
				IPHONEOS_DEPLOYMENT_TARGET = 8.0;
				MTL_ENABLE_DEBUG_INFO = YES;
				ONLY_ACTIVE_ARCH = YES;
				SDKROOT = iphoneos;
				TARGETED_DEVICE_FAMILY = "1,2";
			};
			name = Debug;
		};
		32B4D85319CCD6A1009B69BE /* Release */ = {
			isa = XCBuildConfiguration;
			buildSettings = {
				ALWAYS_SEARCH_USER_PATHS = NO;
				CLANG_CXX_LANGUAGE_STANDARD = "gnu++0x";
				CLANG_CXX_LIBRARY = "libc++";
				CLANG_ENABLE_MODULES = YES;
				CLANG_ENABLE_OBJC_ARC = YES;
				CLANG_WARN_BOOL_CONVERSION = YES;
				CLANG_WARN_CONSTANT_CONVERSION = YES;
				CLANG_WARN_DIRECT_OBJC_ISA_USAGE = YES_ERROR;
				CLANG_WARN_EMPTY_BODY = YES;
				CLANG_WARN_ENUM_CONVERSION = YES;
				CLANG_WARN_INT_CONVERSION = YES;
				CLANG_WARN_OBJC_ROOT_CLASS = YES_ERROR;
				CLANG_WARN_UNREACHABLE_CODE = YES;
				CLANG_WARN__DUPLICATE_METHOD_MATCH = YES;
				"CODE_SIGN_IDENTITY[sdk=iphoneos*]" = "iPhone Developer";
				COPY_PHASE_STRIP = YES;
				ENABLE_NS_ASSERTIONS = NO;
				ENABLE_STRICT_OBJC_MSGSEND = YES;
				GCC_C_LANGUAGE_STANDARD = gnu99;
				GCC_WARN_64_TO_32_BIT_CONVERSION = YES;
				GCC_WARN_ABOUT_RETURN_TYPE = YES_ERROR;
				GCC_WARN_UNDECLARED_SELECTOR = YES;
				GCC_WARN_UNINITIALIZED_AUTOS = YES_AGGRESSIVE;
				GCC_WARN_UNUSED_FUNCTION = YES;
				GCC_WARN_UNUSED_VARIABLE = YES;
				IPHONEOS_DEPLOYMENT_TARGET = 8.0;
				MTL_ENABLE_DEBUG_INFO = NO;
				SDKROOT = iphoneos;
				TARGETED_DEVICE_FAMILY = "1,2";
				VALIDATE_PRODUCT = YES;
			};
			name = Release;
		};
		32B4D85519CCD6A1009B69BE /* Debug */ = {
			isa = XCBuildConfiguration;
			buildSettings = {
				ASSETCATALOG_COMPILER_APPICON_NAME = AppIcon;
				INFOPLIST_FILE = HowHigh/Info.plist;
				LD_RUNPATH_SEARCH_PATHS = "$(inherited) @executable_path/Frameworks";
				PRODUCT_NAME = "$(TARGET_NAME)";
			};
			name = Debug;
		};
		32B4D85619CCD6A1009B69BE /* Release */ = {
			isa = XCBuildConfiguration;
			buildSettings = {
				ASSETCATALOG_COMPILER_APPICON_NAME = AppIcon;
				INFOPLIST_FILE = HowHigh/Info.plist;
				LD_RUNPATH_SEARCH_PATHS = "$(inherited) @executable_path/Frameworks";
				PRODUCT_NAME = "$(TARGET_NAME)";
			};
			name = Release;
		};
		32B4D85819CCD6A1009B69BE /* Debug */ = {
			isa = XCBuildConfiguration;
			buildSettings = {
				BUNDLE_LOADER = "$(TEST_HOST)";
				FRAMEWORK_SEARCH_PATHS = (
					"$(SDKROOT)/Developer/Library/Frameworks",
					"$(inherited)",
				);
				GCC_PREPROCESSOR_DEFINITIONS = (
					"DEBUG=1",
					"$(inherited)",
				);
				INFOPLIST_FILE = HowHighTests/Info.plist;
				LD_RUNPATH_SEARCH_PATHS = "$(inherited) @executable_path/Frameworks @loader_path/Frameworks";
				PRODUCT_NAME = "$(TARGET_NAME)";
				TEST_HOST = "$(BUILT_PRODUCTS_DIR)/HowHigh.app/HowHigh";
			};
			name = Debug;
		};
		32B4D85919CCD6A1009B69BE /* Release */ = {
			isa = XCBuildConfiguration;
			buildSettings = {
				BUNDLE_LOADER = "$(TEST_HOST)";
				FRAMEWORK_SEARCH_PATHS = (
					"$(SDKROOT)/Developer/Library/Frameworks",
					"$(inherited)",
				);
				INFOPLIST_FILE = HowHighTests/Info.plist;
				LD_RUNPATH_SEARCH_PATHS = "$(inherited) @executable_path/Frameworks @loader_path/Frameworks";
				PRODUCT_NAME = "$(TARGET_NAME)";
				TEST_HOST = "$(BUILT_PRODUCTS_DIR)/HowHigh.app/HowHigh";
			};
			name = Release;
		};
/* End XCBuildConfiguration section */

/* Begin XCConfigurationList section */
		32B4D82C19CCD6A1009B69BE /* Build configuration list for PBXProject "HowHigh" */ = {
			isa = XCConfigurationList;
			buildConfigurations = (
				32B4D85219CCD6A1009B69BE /* Debug */,
				32B4D85319CCD6A1009B69BE /* Release */,
			);
			defaultConfigurationIsVisible = 0;
			defaultConfigurationName = Release;
		};
		32B4D85419CCD6A1009B69BE /* Build configuration list for PBXNativeTarget "HowHigh" */ = {
			isa = XCConfigurationList;
			buildConfigurations = (
				32B4D85519CCD6A1009B69BE /* Debug */,
				32B4D85619CCD6A1009B69BE /* Release */,
			);
			defaultConfigurationIsVisible = 0;
		};
		32B4D85719CCD6A1009B69BE /* Build configuration list for PBXNativeTarget "HowHighTests" */ = {
			isa = XCConfigurationList;
			buildConfigurations = (
				32B4D85819CCD6A1009B69BE /* Debug */,
				32B4D85919CCD6A1009B69BE /* Release */,
			);
			defaultConfigurationIsVisible = 0;
		};
/* End XCConfigurationList section */
	};
	rootObject = 32B4D82919CCD6A1009B69BE /* Project object */;
}
